
Microsoft Visual Studio Solution File, Format Version 12.00
# Visual Studio Version 17
VisualStudioVersion = 17.14.36518.9 d17.14
MinimumVisualStudioVersion = 10.0.40219.1
Project("{FAE04EC0-301F-11D3-BF4B-00C04F79EFBC}") = "P_BitRuisseau-321", "P_BitRuisseau-321.csproj", "{44D35B0A-3184-494F-A772-FAA4F5FE7A98}"
EndProject
Global
	GlobalSection(SolutionConfigurationPlatforms) = preSolution
		Debug|Any CPU = Debug|Any CPU
		Release|Any CPU = Release|Any CPU
	EndGlobalSection
	GlobalSection(ProjectConfigurationPlatforms) = postSolution
		{44D35B0A-3184-494F-A772-FAA4F5FE7A98}.Debug|Any CPU.ActiveCfg = Debug|Any CPU
		{44D35B0A-3184-494F-A772-FAA4F5FE7A98}.Debug|Any CPU.Build.0 = Debug|Any CPU
		{44D35B0A-3184-494F-A772-FAA4F5FE7A98}.Release|Any CPU.ActiveCfg = Release|Any CPU
		{44D35B0A-3184-494F-A772-FAA4F5FE7A98}.Release|Any CPU.Build.0 = Release|Any CPU
	EndGlobalSection
	GlobalSection(SolutionProperties) = preSolution
		HideSolutionNode = FALSE
	EndGlobalSection
	GlobalSection(ExtensibilityGlobals) = postSolution
		SolutionGuid = {A66750F2-A947-4D73-B80D-71B9CF81102E}
	EndGlobalSection
EndGlobal
